PODS:
  - Alamofire (5.1.0)
  - Cosmos (21.0.0)
  - Keys (1.0.1)
  - Kingfisher (5.13.4):
    - Kingfisher/Core (= 5.13.4)
  - Kingfisher/Core (5.13.4)
  - Moya (14.0.0):
    - Moya/Core (= 14.0.0)
  - Moya/Core (14.0.0):
    - Alamofire (~> 5.0)

DEPENDENCIES:
  - Cosmos (~> 21.0)
  - Keys (from `Pods/CocoaPodsKeys`)
  - Kingfisher (~> 5.0)
  - Moya

SPEC REPOS:
  trunk:
    - Alamofire
    - Cosmos
    - Kingfisher
    - Moya

EXTERNAL SOURCES:
  Keys:
    :path: Pods/CocoaPodsKeys

SPEC CHECKSUMS:
  Alamofire: 9d5c5f602928e512395b30950c5984eca840093c
  Cosmos: 3dfb6e4ba48bd48b8c9aa2a77048ae11ed114f96
  Keys: a576f4c9c1c641ca913a959a9c62ed3f215a8de9
  Kingfisher: d2279a7abece3c7f25a80cd2b7f363ca5cf3f44c
  Moya: 5b45dacb75adb009f97fde91c204c1e565d31916

PODFILE CHECKSUM: 3fd07c3a803cf598a2623fb8b13f61d6cdf715d1

COCOAPODS: 1.8.4
