// !$*UTF8*$!
{
	archiveVersion = 1;
	classes = {
	};
	objectVersion = 50;
	objects = {

/* Begin PBXBuildFile section */
		02762BCB091C66F3B4E9FEE4 /* libPods-Dewey.a in Frameworks */ = {isa = PBXBuildFile; fileRef = 8B7CC22076C901EF27187683 /* libPods-Dewey.a */; };
		C80222BC2459F1EB00CD3842 /* BookshelfDetailsViewController.swift in Sources */ = {isa = PBXBuildFile; fileRef = C80222BB2459F1EB00CD3842 /* BookshelfDetailsViewController.swift */; };
		C80222BE245A1F0F00CD3842 /* NoSelectTextField.swift in Sources */ = {isa = PBXBuildFile; fileRef = C80222BD245A1F0F00CD3842 /* NoSelectTextField.swift */; };
		C816D70424547FC000078BFE /* AppDelegate.swift in Sources */ = {isa = PBXBuildFile; fileRef = C816D70324547FC000078BFE /* AppDelegate.swift */; };
		C816D70624547FC000078BFE /* SceneDelegate.swift in Sources */ = {isa = PBXBuildFile; fileRef = C816D70524547FC000078BFE /* SceneDelegate.swift */; };
		C816D70824547FC000078BFE /* HomeViewController.swift in Sources */ = {isa = PBXBuildFile; fileRef = C816D70724547FC000078BFE /* HomeViewController.swift */; };
		C816D70B24547FC000078BFE /* Main.storyboard in Resources */ = {isa = PBXBuildFile; fileRef = C816D70924547FC000078BFE /* Main.storyboard */; };
		C816D70D24547FC800078BFE /* Assets.xcassets in Resources */ = {isa = PBXBuildFile; fileRef = C816D70C24547FC800078BFE /* Assets.xcassets */; };
		C816D71024547FC800078BFE /* LaunchScreen.storyboard in Resources */ = {isa = PBXBuildFile; fileRef = C816D70E24547FC800078BFE /* LaunchScreen.storyboard */; };
		C816D71A245483EB00078BFE /* .gitignore in Resources */ = {isa = PBXBuildFile; fileRef = C816D719245483EB00078BFE /* .gitignore */; };
		C816D71D2454AD9100078BFE /* BookCollectionViewCell.swift in Sources */ = {isa = PBXBuildFile; fileRef = C816D71C2454AD9100078BFE /* BookCollectionViewCell.swift */; };
		C816D7212454D09900078BFE /* StorageManager.swift in Sources */ = {isa = PBXBuildFile; fileRef = C816D7202454D09900078BFE /* StorageManager.swift */; };
		C816D7232454D12200078BFE /* Book.swift in Sources */ = {isa = PBXBuildFile; fileRef = C816D7222454D12200078BFE /* Book.swift */; };
		C816D7272454D6E000078BFE /* Bookshelf.swift in Sources */ = {isa = PBXBuildFile; fileRef = C816D7262454D6E000078BFE /* Bookshelf.swift */; };
		C816D7292454EE3B00078BFE /* BookshelfTableViewCell.swift in Sources */ = {isa = PBXBuildFile; fileRef = C816D7282454EE3B00078BFE /* BookshelfTableViewCell.swift */; };
		C816D72B2454FA6200078BFE /* Podfile in Resources */ = {isa = PBXBuildFile; fileRef = C816D72A2454FA6200078BFE /* Podfile */; };
		C816D72D2455092800078BFE /* HomeHeaderTableViewCell.swift in Sources */ = {isa = PBXBuildFile; fileRef = C816D72C2455092800078BFE /* HomeHeaderTableViewCell.swift */; };
		C8221C1A245A46DA00FE5605 /* BookshelfEditBarView.xib in Resources */ = {isa = PBXBuildFile; fileRef = C8221C19245A46DA00FE5605 /* BookshelfEditBarView.xib */; };
		C85ADE7C245A4D39003CF581 /* BookshelfEditBarView.swift in Sources */ = {isa = PBXBuildFile; fileRef = C85ADE7B245A4D39003CF581 /* BookshelfEditBarView.swift */; };
		C893DB6A24560912006CE0BB /* BookDetailsViewController.swift in Sources */ = {isa = PBXBuildFile; fileRef = C893DB6924560912006CE0BB /* BookDetailsViewController.swift */; };
		C8C4AC7D24572C620089F29E /* BookDetailsViewController.xib in Resources */ = {isa = PBXBuildFile; fileRef = C8C4AC7C24572C620089F29E /* BookDetailsViewController.xib */; };
		C8CEF9C12458A815008182F0 /* BookDetailsTableViewCell.xib in Resources */ = {isa = PBXBuildFile; fileRef = C8CEF9C02458A815008182F0 /* BookDetailsTableViewCell.xib */; };
		C8CEF9C32458AF7C008182F0 /* BookDetailsTableViewCell.swift in Sources */ = {isa = PBXBuildFile; fileRef = C8CEF9C22458AF7C008182F0 /* BookDetailsTableViewCell.swift */; };
		C8CEF9C52458B463008182F0 /* SearchResultsViewController.swift in Sources */ = {isa = PBXBuildFile; fileRef = C8CEF9C42458B463008182F0 /* SearchResultsViewController.swift */; };
		C8CEF9C72458E57A008182F0 /* BookshelvesViewController.swift in Sources */ = {isa = PBXBuildFile; fileRef = C8CEF9C62458E57A008182F0 /* BookshelvesViewController.swift */; };
		C8CEF9C924590E07008182F0 /* AddBookshelfViewController.swift in Sources */ = {isa = PBXBuildFile; fileRef = C8CEF9C824590E07008182F0 /* AddBookshelfViewController.swift */; };
		C8FBBE1824564F8E00CC1B17 /* BookViewController.swift in Sources */ = {isa = PBXBuildFile; fileRef = C8FBBE1724564F8E00CC1B17 /* BookViewController.swift */; };
/* End PBXBuildFile section */

/* Begin PBXFileReference section */
		7F423C5A44366DEE14B9A0CA /* Pods-Dewey.release.xcconfig */ = {isa = PBXFileReference; includeInIndex = 1; lastKnownFileType = text.xcconfig; name = "Pods-Dewey.release.xcconfig"; path = "Target Support Files/Pods-Dewey/Pods-Dewey.release.xcconfig"; sourceTree = "<group>"; };
		8B7CC22076C901EF27187683 /* libPods-Dewey.a */ = {isa = PBXFileReference; explicitFileType = archive.ar; includeInIndex = 0; path = "libPods-Dewey.a"; sourceTree = BUILT_PRODUCTS_DIR; };
		A09C0F96138C191358417CF7 /* Pods-Dewey.debug.xcconfig */ = {isa = PBXFileReference; includeInIndex = 1; lastKnownFileType = text.xcconfig; name = "Pods-Dewey.debug.xcconfig"; path = "Target Support Files/Pods-Dewey/Pods-Dewey.debug.xcconfig"; sourceTree = "<group>"; };
		C80222BB2459F1EB00CD3842 /* BookshelfDetailsViewController.swift */ = {isa = PBXFileReference; lastKnownFileType = sourcecode.swift; path = BookshelfDetailsViewController.swift; sourceTree = "<group>"; };
		C80222BD245A1F0F00CD3842 /* NoSelectTextField.swift */ = {isa = PBXFileReference; fileEncoding = 4; lastKnownFileType = sourcecode.swift; path = NoSelectTextField.swift; sourceTree = "<group>"; };
		C816D70024547FC000078BFE /* Dewey.app */ = {isa = PBXFileReference; explicitFileType = wrapper.application; includeInIndex = 0; path = Dewey.app; sourceTree = BUILT_PRODUCTS_DIR; };
		C816D70324547FC000078BFE /* AppDelegate.swift */ = {isa = PBXFileReference; lastKnownFileType = sourcecode.swift; path = AppDelegate.swift; sourceTree = "<group>"; };
		C816D70524547FC000078BFE /* SceneDelegate.swift */ = {isa = PBXFileReference; lastKnownFileType = sourcecode.swift; path = SceneDelegate.swift; sourceTree = "<group>"; };
		C816D70724547FC000078BFE /* HomeViewController.swift */ = {isa = PBXFileReference; lastKnownFileType = sourcecode.swift; path = HomeViewController.swift; sourceTree = "<group>"; };
		C816D70A24547FC000078BFE /* Base */ = {isa = PBXFileReference; lastKnownFileType = file.storyboard; name = Base; path = Base.lproj/Main.storyboard; sourceTree = "<group>"; };
		C816D70C24547FC800078BFE /* Assets.xcassets */ = {isa = PBXFileReference; lastKnownFileType = folder.assetcatalog; path = Assets.xcassets; sourceTree = "<group>"; };
		C816D70F24547FC800078BFE /* Base */ = {isa = PBXFileReference; lastKnownFileType = file.storyboard; name = Base; path = Base.lproj/LaunchScreen.storyboard; sourceTree = "<group>"; };
		C816D71124547FC800078BFE /* Info.plist */ = {isa = PBXFileReference; lastKnownFileType = text.plist.xml; path = Info.plist; sourceTree = "<group>"; };
		C816D719245483EB00078BFE /* .gitignore */ = {isa = PBXFileReference; fileEncoding = 4; lastKnownFileType = text; path = .gitignore; sourceTree = "<group>"; };
		C816D71C2454AD9100078BFE /* BookCollectionViewCell.swift */ = {isa = PBXFileReference; lastKnownFileType = sourcecode.swift; path = BookCollectionViewCell.swift; sourceTree = "<group>"; };
		C816D7202454D09900078BFE /* StorageManager.swift */ = {isa = PBXFileReference; lastKnownFileType = sourcecode.swift; path = StorageManager.swift; sourceTree = "<group>"; };
		C816D7222454D12200078BFE /* Book.swift */ = {isa = PBXFileReference; lastKnownFileType = sourcecode.swift; path = Book.swift; sourceTree = "<group>"; };
		C816D7262454D6E000078BFE /* Bookshelf.swift */ = {isa = PBXFileReference; lastKnownFileType = sourcecode.swift; path = Bookshelf.swift; sourceTree = "<group>"; };
		C816D7282454EE3B00078BFE /* BookshelfTableViewCell.swift */ = {isa = PBXFileReference; lastKnownFileType = sourcecode.swift; path = BookshelfTableViewCell.swift; sourceTree = "<group>"; };
		C816D72A2454FA6200078BFE /* Podfile */ = {isa = PBXFileReference; lastKnownFileType = text; path = Podfile; sourceTree = "<group>"; xcLanguageSpecificationIdentifier = xcode.lang.ruby; };
		C816D72C2455092800078BFE /* HomeHeaderTableViewCell.swift */ = {isa = PBXFileReference; lastKnownFileType = sourcecode.swift; path = HomeHeaderTableViewCell.swift; sourceTree = "<group>"; };
		C8221C19245A46DA00FE5605 /* BookshelfEditBarView.xib */ = {isa = PBXFileReference; lastKnownFileType = file.xib; path = BookshelfEditBarView.xib; sourceTree = "<group>"; };
		C85ADE7B245A4D39003CF581 /* BookshelfEditBarView.swift */ = {isa = PBXFileReference; lastKnownFileType = sourcecode.swift; path = BookshelfEditBarView.swift; sourceTree = "<group>"; };
		C893DB6924560912006CE0BB /* BookDetailsViewController.swift */ = {isa = PBXFileReference; lastKnownFileType = sourcecode.swift; path = BookDetailsViewController.swift; sourceTree = "<group>"; };
		C8C4AC7C24572C620089F29E /* BookDetailsViewController.xib */ = {isa = PBXFileReference; fileEncoding = 4; lastKnownFileType = file.xib; path = BookDetailsViewController.xib; sourceTree = "<group>"; };
		C8CEF9C02458A815008182F0 /* BookDetailsTableViewCell.xib */ = {isa = PBXFileReference; lastKnownFileType = file.xib; path = BookDetailsTableViewCell.xib; sourceTree = "<group>"; };
		C8CEF9C22458AF7C008182F0 /* BookDetailsTableViewCell.swift */ = {isa = PBXFileReference; lastKnownFileType = sourcecode.swift; path = BookDetailsTableViewCell.swift; sourceTree = "<group>"; };
		C8CEF9C42458B463008182F0 /* SearchResultsViewController.swift */ = {isa = PBXFileReference; lastKnownFileType = sourcecode.swift; path = SearchResultsViewController.swift; sourceTree = "<group>"; };
		C8CEF9C62458E57A008182F0 /* BookshelvesViewController.swift */ = {isa = PBXFileReference; lastKnownFileType = sourcecode.swift; path = BookshelvesViewController.swift; sourceTree = "<group>"; };
		C8CEF9C824590E07008182F0 /* AddBookshelfViewController.swift */ = {isa = PBXFileReference; lastKnownFileType = sourcecode.swift; path = AddBookshelfViewController.swift; sourceTree = "<group>"; };
		C8FBBE1724564F8E00CC1B17 /* BookViewController.swift */ = {isa = PBXFileReference; lastKnownFileType = sourcecode.swift; path = BookViewController.swift; sourceTree = "<group>"; };
/* End PBXFileReference section */

/* Begin PBXFrameworksBuildPhase section */
		C816D6FD24547FC000078BFE /* Frameworks */ = {
			isa = PBXFrameworksBuildPhase;
			buildActionMask = 2147483647;
			files = (
				02762BCB091C66F3B4E9FEE4 /* libPods-Dewey.a in Frameworks */,
			);
			runOnlyForDeploymentPostprocessing = 0;
		};
/* End PBXFrameworksBuildPhase section */

/* Begin PBXGroup section */
		0C960C27EC08107628B44F7F /* Pods */ = {
			isa = PBXGroup;
			children = (
				A09C0F96138C191358417CF7 /* Pods-Dewey.debug.xcconfig */,
				7F423C5A44366DEE14B9A0CA /* Pods-Dewey.release.xcconfig */,
			);
			path = Pods;
			sourceTree = "<group>";
		};
		23E9B0417D9064B417BE31E5 /* Frameworks */ = {
			isa = PBXGroup;
			children = (
				8B7CC22076C901EF27187683 /* libPods-Dewey.a */,
			);
			name = Frameworks;
			sourceTree = "<group>";
		};
		C816D6F724547FC000078BFE = {
			isa = PBXGroup;
			children = (
				C816D70224547FC000078BFE /* Dewey */,
				C816D70124547FC000078BFE /* Products */,
				C816D719245483EB00078BFE /* .gitignore */,
				C816D72A2454FA6200078BFE /* Podfile */,
				0C960C27EC08107628B44F7F /* Pods */,
				23E9B0417D9064B417BE31E5 /* Frameworks */,
			);
			sourceTree = "<group>";
		};
		C816D70124547FC000078BFE /* Products */ = {
			isa = PBXGroup;
			children = (
				C816D70024547FC000078BFE /* Dewey.app */,
			);
			name = Products;
			sourceTree = "<group>";
		};
		C816D70224547FC000078BFE /* Dewey */ = {
			isa = PBXGroup;
			children = (
				C816D70324547FC000078BFE /* AppDelegate.swift */,
				C816D70524547FC000078BFE /* SceneDelegate.swift */,
				C816D71F2454D05800078BFE /* Storage */,
				C816D71E2454CF0800078BFE /* Models */,
				C816D7182454811500078BFE /* ViewControllers */,
				C816D71B2454ACF000078BFE /* Views */,
				C816D717245480E400078BFE /* Resources */,
				C816D71124547FC800078BFE /* Info.plist */,
			);
			path = Dewey;
			sourceTree = "<group>";
		};
		C816D717245480E400078BFE /* Resources */ = {
			isa = PBXGroup;
			children = (
				C816D70924547FC000078BFE /* Main.storyboard */,
				C816D70C24547FC800078BFE /* Assets.xcassets */,
				C816D70E24547FC800078BFE /* LaunchScreen.storyboard */,
				C8C4AC79245723610089F29E /* Nibs */,
			);
			path = Resources;
			sourceTree = "<group>";
		};
		C816D7182454811500078BFE /* ViewControllers */ = {
			isa = PBXGroup;
			children = (
				C816D70724547FC000078BFE /* HomeViewController.swift */,
				C8FBBE1724564F8E00CC1B17 /* BookViewController.swift */,
				C893DB6924560912006CE0BB /* BookDetailsViewController.swift */,
				C8CEF9C42458B463008182F0 /* SearchResultsViewController.swift */,
				C8CEF9C62458E57A008182F0 /* BookshelvesViewController.swift */,
				C8CEF9C824590E07008182F0 /* AddBookshelfViewController.swift */,
				C80222BB2459F1EB00CD3842 /* BookshelfDetailsViewController.swift */,
			);
			path = ViewControllers;
			sourceTree = "<group>";
		};
		C816D71B2454ACF000078BFE /* Views */ = {
			isa = PBXGroup;
			children = (
				C816D71C2454AD9100078BFE /* BookCollectionViewCell.swift */,
				C816D7282454EE3B00078BFE /* BookshelfTableViewCell.swift */,
				C816D72C2455092800078BFE /* HomeHeaderTableViewCell.swift */,
				C8CEF9C22458AF7C008182F0 /* BookDetailsTableViewCell.swift */,
				C80222BD245A1F0F00CD3842 /* NoSelectTextField.swift */,
				C85ADE7B245A4D39003CF581 /* BookshelfEditBarView.swift */,
			);
			path = Views;
			sourceTree = "<group>";
		};
		C816D71E2454CF0800078BFE /* Models */ = {
			isa = PBXGroup;
			children = (
				C816D7222454D12200078BFE /* Book.swift */,
				C816D7262454D6E000078BFE /* Bookshelf.swift */,
			);
			path = Models;
			sourceTree = "<group>";
		};
		C816D71F2454D05800078BFE /* Storage */ = {
			isa = PBXGroup;
			children = (
				C816D7202454D09900078BFE /* StorageManager.swift */,
			);
			path = Storage;
			sourceTree = "<group>";
		};
		C8C4AC79245723610089F29E /* Nibs */ = {
			isa = PBXGroup;
			children = (
				C8C4AC7C24572C620089F29E /* BookDetailsViewController.xib */,
				C8CEF9C02458A815008182F0 /* BookDetailsTableViewCell.xib */,
				C8221C19245A46DA00FE5605 /* BookshelfEditBarView.xib */,
			);
			path = Nibs;
			sourceTree = "<group>";
		};
/* End PBXGroup section */

/* Begin PBXNativeTarget section */
		C816D6FF24547FC000078BFE /* Dewey */ = {
			isa = PBXNativeTarget;
			buildConfigurationList = C816D71424547FC800078BFE /* Build configuration list for PBXNativeTarget "Dewey" */;
			buildPhases = (
				2710ADC07A4259E036509AE4 /* [CP] Check Pods Manifest.lock */,
				C816D6FC24547FC000078BFE /* Sources */,
				C816D6FD24547FC000078BFE /* Frameworks */,
				C816D6FE24547FC000078BFE /* Resources */,
			);
			buildRules = (
			);
			dependencies = (
			);
			name = Dewey;
			productName = Dewey;
			productReference = C816D70024547FC000078BFE /* Dewey.app */;
			productType = "com.apple.product-type.application";
		};
/* End PBXNativeTarget section */

/* Begin PBXProject section */
		C816D6F824547FC000078BFE /* Project object */ = {
			isa = PBXProject;
			attributes = {
				LastSwiftUpdateCheck = 1140;
				LastUpgradeCheck = 1140;
				ORGANIZATIONNAME = "Jessica Huynh";
				TargetAttributes = {
					C816D6FF24547FC000078BFE = {
						CreatedOnToolsVersion = 11.4.1;
					};
				};
			};
			buildConfigurationList = C816D6FB24547FC000078BFE /* Build configuration list for PBXProject "Dewey" */;
			compatibilityVersion = "Xcode 9.3";
			developmentRegion = en;
			hasScannedForEncodings = 0;
			knownRegions = (
				en,
				Base,
			);
			mainGroup = C816D6F724547FC000078BFE;
			productRefGroup = C816D70124547FC000078BFE /* Products */;
			projectDirPath = "";
			projectRoot = "";
			targets = (
				C816D6FF24547FC000078BFE /* Dewey */,
			);
		};
/* End PBXProject section */

/* Begin PBXResourcesBuildPhase section */
		C816D6FE24547FC000078BFE /* Resources */ = {
			isa = PBXResourcesBuildPhase;
			buildActionMask = 2147483647;
			files = (
				C8CEF9C12458A815008182F0 /* BookDetailsTableViewCell.xib in Resources */,
				C816D72B2454FA6200078BFE /* Podfile in Resources */,
				C816D71A245483EB00078BFE /* .gitignore in Resources */,
				C816D71024547FC800078BFE /* LaunchScreen.storyboard in Resources */,
				C8221C1A245A46DA00FE5605 /* BookshelfEditBarView.xib in Resources */,
				C816D70D24547FC800078BFE /* Assets.xcassets in Resources */,
				C816D70B24547FC000078BFE /* Main.storyboard in Resources */,
				C8C4AC7D24572C620089F29E /* BookDetailsViewController.xib in Resources */,
			);
			runOnlyForDeploymentPostprocessing = 0;
		};
/* End PBXResourcesBuildPhase section */

/* Begin PBXShellScriptBuildPhase section */
		2710ADC07A4259E036509AE4 /* [CP] Check Pods Manifest.lock */ = {
			isa = PBXShellScriptBuildPhase;
			buildActionMask = 2147483647;
			files = (
			);
			inputFileListPaths = (
			);
			inputPaths = (
				"${PODS_PODFILE_DIR_PATH}/Podfile.lock",
				"${PODS_ROOT}/Manifest.lock",
			);
			name = "[CP] Check Pods Manifest.lock";
			outputFileListPaths = (
			);
			outputPaths = (
				"$(DERIVED_FILE_DIR)/Pods-Dewey-checkManifestLockResult.txt",
			);
			runOnlyForDeploymentPostprocessing = 0;
			shellPath = /bin/sh;
			shellScript = "diff \"${PODS_PODFILE_DIR_PATH}/Podfile.lock\" \"${PODS_ROOT}/Manifest.lock\" > /dev/null\nif [ $? != 0 ] ; then\n    # print error to STDERR\n    echo \"error: The sandbox is not in sync with the Podfile.lock. Run 'pod install' or update your CocoaPods installation.\" >&2\n    exit 1\nfi\n# This output is used by Xcode 'outputs' to avoid re-running this script phase.\necho \"SUCCESS\" > \"${SCRIPT_OUTPUT_FILE_0}\"\n";
			showEnvVarsInLog = 0;
		};
/* End PBXShellScriptBuildPhase section */

/* Begin PBXSourcesBuildPhase section */
		C816D6FC24547FC000078BFE /* Sources */ = {
			isa = PBXSourcesBuildPhase;
			buildActionMask = 2147483647;
			files = (
				C816D7272454D6E000078BFE /* Bookshelf.swift in Sources */,
				C80222BC2459F1EB00CD3842 /* BookshelfDetailsViewController.swift in Sources */,
				C80222BE245A1F0F00CD3842 /* NoSelectTextField.swift in Sources */,
				C8CEF9C52458B463008182F0 /* SearchResultsViewController.swift in Sources */,
				C85ADE7C245A4D39003CF581 /* BookshelfEditBarView.swift in Sources */,
				C8CEF9C32458AF7C008182F0 /* BookDetailsTableViewCell.swift in Sources */,
				C816D70824547FC000078BFE /* HomeViewController.swift in Sources */,
				C8CEF9C72458E57A008182F0 /* BookshelvesViewController.swift in Sources */,
				C893DB6A24560912006CE0BB /* BookDetailsViewController.swift in Sources */,
				C8FBBE1824564F8E00CC1B17 /* BookViewController.swift in Sources */,
				C816D72D2455092800078BFE /* HomeHeaderTableViewCell.swift in Sources */,
				C816D71D2454AD9100078BFE /* BookCollectionViewCell.swift in Sources */,
				C816D7232454D12200078BFE /* Book.swift in Sources */,
				C816D7212454D09900078BFE /* StorageManager.swift in Sources */,
				C8CEF9C924590E07008182F0 /* AddBookshelfViewController.swift in Sources */,
				C816D70424547FC000078BFE /* AppDelegate.swift in Sources */,
				C816D70624547FC000078BFE /* SceneDelegate.swift in Sources */,
				C816D7292454EE3B00078BFE /* BookshelfTableViewCell.swift in Sources */,
			);
			runOnlyForDeploymentPostprocessing = 0;
		};
/* End PBXSourcesBuildPhase section */

/* Begin PBXVariantGroup section */
		C816D70924547FC000078BFE /* Main.storyboard */ = {
			isa = PBXVariantGroup;
			children = (
				C816D70A24547FC000078BFE /* Base */,
			);
			name = Main.storyboard;
			sourceTree = "<group>";
		};
		C816D70E24547FC800078BFE /* LaunchScreen.storyboard */ = {
			isa = PBXVariantGroup;
			children = (
				C816D70F24547FC800078BFE /* Base */,
			);
			name = LaunchScreen.storyboard;
			sourceTree = "<group>";
		};
/* End PBXVariantGroup section */

/* Begin XCBuildConfiguration section */
		C816D71224547FC800078BFE /* Debug */ = {
			isa = XCBuildConfiguration;
			buildSettings = {
				ALWAYS_SEARCH_USER_PATHS = NO;
				CLANG_ANALYZER_NONNULL = YES;
				CLANG_ANALYZER_NUMBER_OBJECT_CONVERSION = YES_AGGRESSIVE;
				CLANG_CXX_LANGUAGE_STANDARD = "gnu++14";
				CLANG_CXX_LIBRARY = "libc++";
				CLANG_ENABLE_MODULES = YES;
				CLANG_ENABLE_OBJC_ARC = YES;
				CLANG_ENABLE_OBJC_WEAK = YES;
				CLANG_WARN_BLOCK_CAPTURE_AUTORELEASING = YES;
				CLANG_WARN_BOOL_CONVERSION = YES;
				CLANG_WARN_COMMA = YES;
				CLANG_WARN_CONSTANT_CONVERSION = YES;
				CLANG_WARN_DEPRECATED_OBJC_IMPLEMENTATIONS = YES;
				CLANG_WARN_DIRECT_OBJC_ISA_USAGE = YES_ERROR;
				CLANG_WARN_DOCUMENTATION_COMMENTS = YES;
				CLANG_WARN_EMPTY_BODY = YES;
				CLANG_WARN_ENUM_CONVERSION = YES;
				CLANG_WARN_INFINITE_RECURSION = YES;
				CLANG_WARN_INT_CONVERSION = YES;
				CLANG_WARN_NON_LITERAL_NULL_CONVERSION = YES;
				CLANG_WARN_OBJC_IMPLICIT_RETAIN_SELF = YES;
				CLANG_WARN_OBJC_LITERAL_CONVERSION = YES;
				CLANG_WARN_OBJC_ROOT_CLASS = YES_ERROR;
				CLANG_WARN_RANGE_LOOP_ANALYSIS = YES;
				CLANG_WARN_STRICT_PROTOTYPES = YES;
				CLANG_WARN_SUSPICIOUS_MOVE = YES;
				CLANG_WARN_UNGUARDED_AVAILABILITY = YES_AGGRESSIVE;
				CLANG_WARN_UNREACHABLE_CODE = YES;
				CLANG_WARN__DUPLICATE_METHOD_MATCH = YES;
				COPY_PHASE_STRIP = NO;
				DEBUG_INFORMATION_FORMAT = dwarf;
				ENABLE_STRICT_OBJC_MSGSEND = YES;
				ENABLE_TESTABILITY = YES;
				GCC_C_LANGUAGE_STANDARD = gnu11;
				GCC_DYNAMIC_NO_PIC = NO;
				GCC_NO_COMMON_BLOCKS = YES;
				GCC_OPTIMIZATION_LEVEL = 0;
				GCC_PREPROCESSOR_DEFINITIONS = (
					"DEBUG=1",
					"$(inherited)",
				);
				GCC_WARN_64_TO_32_BIT_CONVERSION = YES;
				GCC_WARN_ABOUT_RETURN_TYPE = YES_ERROR;
				GCC_WARN_UNDECLARED_SELECTOR = YES;
				GCC_WARN_UNINITIALIZED_AUTOS = YES_AGGRESSIVE;
				GCC_WARN_UNUSED_FUNCTION = YES;
				GCC_WARN_UNUSED_VARIABLE = YES;
				IPHONEOS_DEPLOYMENT_TARGET = 13.4;
				MTL_ENABLE_DEBUG_INFO = INCLUDE_SOURCE;
				MTL_FAST_MATH = YES;
				ONLY_ACTIVE_ARCH = YES;
				SDKROOT = iphoneos;
				SWIFT_ACTIVE_COMPILATION_CONDITIONS = DEBUG;
				SWIFT_OPTIMIZATION_LEVEL = "-Onone";
			};
			name = Debug;
		};
		C816D71324547FC800078BFE /* Release */ = {
			isa = XCBuildConfiguration;
			buildSettings = {
				ALWAYS_SEARCH_USER_PATHS = NO;
				CLANG_ANALYZER_NONNULL = YES;
				CLANG_ANALYZER_NUMBER_OBJECT_CONVERSION = YES_AGGRESSIVE;
				CLANG_CXX_LANGUAGE_STANDARD = "gnu++14";
				CLANG_CXX_LIBRARY = "libc++";
				CLANG_ENABLE_MODULES = YES;
				CLANG_ENABLE_OBJC_ARC = YES;
				CLANG_ENABLE_OBJC_WEAK = YES;
				CLANG_WARN_BLOCK_CAPTURE_AUTORELEASING = YES;
				CLANG_WARN_BOOL_CONVERSION = YES;
				CLANG_WARN_COMMA = YES;
				CLANG_WARN_CONSTANT_CONVERSION = YES;
				CLANG_WARN_DEPRECATED_OBJC_IMPLEMENTATIONS = YES;
				CLANG_WARN_DIRECT_OBJC_ISA_USAGE = YES_ERROR;
				CLANG_WARN_DOCUMENTATION_COMMENTS = YES;
				CLANG_WARN_EMPTY_BODY = YES;
				CLANG_WARN_ENUM_CONVERSION = YES;
				CLANG_WARN_INFINITE_RECURSION = YES;
				CLANG_WARN_INT_CONVERSION = YES;
				CLANG_WARN_NON_LITERAL_NULL_CONVERSION = YES;
				CLANG_WARN_OBJC_IMPLICIT_RETAIN_SELF = YES;
				CLANG_WARN_OBJC_LITERAL_CONVERSION = YES;
				CLANG_WARN_OBJC_ROOT_CLASS = YES_ERROR;
				CLANG_WARN_RANGE_LOOP_ANALYSIS = YES;
				CLANG_WARN_STRICT_PROTOTYPES = YES;
				CLANG_WARN_SUSPICIOUS_MOVE = YES;
				CLANG_WARN_UNGUARDED_AVAILABILITY = YES_AGGRESSIVE;
				CLANG_WARN_UNREACHABLE_CODE = YES;
				CLANG_WARN__DUPLICATE_METHOD_MATCH = YES;
				COPY_PHASE_STRIP = NO;
				DEBUG_INFORMATION_FORMAT = "dwarf-with-dsym";
				ENABLE_NS_ASSERTIONS = NO;
				ENABLE_STRICT_OBJC_MSGSEND = YES;
				GCC_C_LANGUAGE_STANDARD = gnu11;
				GCC_NO_COMMON_BLOCKS = YES;
				GCC_WARN_64_TO_32_BIT_CONVERSION = YES;
				GCC_WARN_ABOUT_RETURN_TYPE = YES_ERROR;
				GCC_WARN_UNDECLARED_SELECTOR = YES;
				GCC_WARN_UNINITIALIZED_AUTOS = YES_AGGRESSIVE;
				GCC_WARN_UNUSED_FUNCTION = YES;
				GCC_WARN_UNUSED_VARIABLE = YES;
				IPHONEOS_DEPLOYMENT_TARGET = 13.4;
				MTL_ENABLE_DEBUG_INFO = NO;
				MTL_FAST_MATH = YES;
				SDKROOT = iphoneos;
				SWIFT_COMPILATION_MODE = wholemodule;
				SWIFT_OPTIMIZATION_LEVEL = "-O";
				VALIDATE_PRODUCT = YES;
			};
			name = Release;
		};
		C816D71524547FC800078BFE /* Debug */ = {
			isa = XCBuildConfiguration;
			baseConfigurationReference = A09C0F96138C191358417CF7 /* Pods-Dewey.debug.xcconfig */;
			buildSettings = {
				ASSETCATALOG_COMPILER_APPICON_NAME = AppIcon;
				CODE_SIGN_STYLE = Automatic;
				DEVELOPMENT_TEAM = S89MQ55VCY;
				INFOPLIST_FILE = Dewey/Info.plist;
				LD_RUNPATH_SEARCH_PATHS = (
					"$(inherited)",
					"@executable_path/Frameworks",
				);
				PRODUCT_BUNDLE_IDENTIFIER = com.JessicaHuynh.Dewey;
				PRODUCT_NAME = "$(TARGET_NAME)";
				SWIFT_VERSION = 5.0;
				TARGETED_DEVICE_FAMILY = "1,2";
			};
			name = Debug;
		};
		C816D71624547FC800078BFE /* Release */ = {
			isa = XCBuildConfiguration;
			baseConfigurationReference = 7F423C5A44366DEE14B9A0CA /* Pods-Dewey.release.xcconfig */;
			buildSettings = {
				ASSETCATALOG_COMPILER_APPICON_NAME = AppIcon;
				CODE_SIGN_STYLE = Automatic;
				DEVELOPMENT_TEAM = S89MQ55VCY;
				INFOPLIST_FILE = Dewey/Info.plist;
				LD_RUNPATH_SEARCH_PATHS = (
					"$(inherited)",
					"@executable_path/Frameworks",
				);
				PRODUCT_BUNDLE_IDENTIFIER = com.JessicaHuynh.Dewey;
				PRODUCT_NAME = "$(TARGET_NAME)";
				SWIFT_VERSION = 5.0;
				TARGETED_DEVICE_FAMILY = "1,2";
			};
			name = Release;
		};
/* End XCBuildConfiguration section */

/* Begin XCConfigurationList section */
		C816D6FB24547FC000078BFE /* Build configuration list for PBXProject "Dewey" */ = {
			isa = XCConfigurationList;
			buildConfigurations = (
				C816D71224547FC800078BFE /* Debug */,
				C816D71324547FC800078BFE /* Release */,
			);
			defaultConfigurationIsVisible = 0;
			defaultConfigurationName = Release;
		};
		C816D71424547FC800078BFE /* Build configuration list for PBXNativeTarget "Dewey" */ = {
			isa = XCConfigurationList;
			buildConfigurations = (
				C816D71524547FC800078BFE /* Debug */,
				C816D71624547FC800078BFE /* Release */,
			);
			defaultConfigurationIsVisible = 0;
			defaultConfigurationName = Release;
		};
/* End XCConfigurationList section */
	};
	rootObject = C816D6F824547FC000078BFE /* Project object */;
}
